
Microsoft Visual Studio Solution File, Format Version 12.00
# Visual Studio Version 17
VisualStudioVersion = 17.0.31903.59
MinimumVisualStudioVersion = 10.0.40219.1
Project("{FAE04EC0-301F-11D3-BF4B-00C04F79EFBC}") = "LargeTest", "LargeTest\LargeTest.csproj", "{1B92ECCE-CCBB-41C4-A39E-306D4699CC48}"
EndProject
Global
	GlobalSection(SolutionConfigurationPlatforms) = preSolution
		Debug|Any CPU = Debug|Any CPU
		Release|Any CPU = Release|Any CPU
	EndGlobalSection
	GlobalSection(ProjectConfigurationPlatforms) = postSolution
		{1B92ECCE-CCBB-41C4-A39E-306D4699CC48}.Debug|Any CPU.ActiveCfg = Debug|Any CPU
		{1B92ECCE-CCBB-41C4-A39E-306D4699CC48}.Debug|Any CPU.Build.0 = Debug|Any CPU
		{1B92ECCE-CCBB-41C4-A39E-306D4699CC48}.Release|Any CPU.ActiveCfg = Release|Any CPU
		{1B92ECCE-CCBB-41C4-A39E-306D4699CC48}.Release|Any CPU.Build.0 = Release|Any CPU
	EndGlobalSection
	GlobalSection(SolutionProperties) = preSolution
		HideSolutionNode = FALSE
	EndGlobalSection
	GlobalSection(ExtensibilityGlobals) = postSolution
		SolutionGuid = {CFC29B89-D7DA-4FE6-BE2C-A6A247EBBD49}
	EndGlobalSection
EndGlobal
